// !$*UTF8*$!
{
	archiveVersion = 1;
	classes = {
	};
	objectVersion = 55;
	objects = {

/* Begin PBXBuildFile section */
		5F005905273C4BE000D45DBE /* OnBoardingViewController.swift in Sources */ = {isa = PBXBuildFile; fileRef = 5F005904273C4BE000D45DBE /* OnBoardingViewController.swift */; };
		5F00590E273C51AB00D45DBE /* OnBoardingCollectionViewCellTop.swift in Sources */ = {isa = PBXBuildFile; fileRef = 5F00590C273C51AB00D45DBE /* OnBoardingCollectionViewCellTop.swift */; };
		5F00590F273C51AB00D45DBE /* OnBoardingCollectionViewCellTop.xib in Resources */ = {isa = PBXBuildFile; fileRef = 5F00590D273C51AB00D45DBE /* OnBoardingCollectionViewCellTop.xib */; };
		5F005912273C51BD00D45DBE /* OnBoardingCollectionViewCellBottom.swift in Sources */ = {isa = PBXBuildFile; fileRef = 5F005910273C51BD00D45DBE /* OnBoardingCollectionViewCellBottom.swift */; };
		5F005913273C51BD00D45DBE /* OnBoardingCollectionViewCellBottom.xib in Resources */ = {isa = PBXBuildFile; fileRef = 5F005911273C51BD00D45DBE /* OnBoardingCollectionViewCellBottom.xib */; };
		5F005916273C529B00D45DBE /* OnBoardingCollectionViewCellData.swift in Sources */ = {isa = PBXBuildFile; fileRef = 5F005915273C529B00D45DBE /* OnBoardingCollectionViewCellData.swift */; };
		5F1E2543273FE85200EE80BE /* OnBoardingLogoCollectionViewCell.swift in Sources */ = {isa = PBXBuildFile; fileRef = 5F1E2541273FE85200EE80BE /* OnBoardingLogoCollectionViewCell.swift */; };
		5F1E2544273FE85200EE80BE /* OnBoardingLogoCollectionViewCell.xib in Resources */ = {isa = PBXBuildFile; fileRef = 5F1E2542273FE85200EE80BE /* OnBoardingLogoCollectionViewCell.xib */; };
		5F1E2546274017CA00EE80BE /* GetEstimateViewController.swift in Sources */ = {isa = PBXBuildFile; fileRef = 5F1E2545274017CA00EE80BE /* GetEstimateViewController.swift */; };
		5F1E254827415D8400EE80BE /* LoginPhoneViewController.swift in Sources */ = {isa = PBXBuildFile; fileRef = 5F1E254727415D8400EE80BE /* LoginPhoneViewController.swift */; };
		5F1E254A2741834C00EE80BE /* SignUpNavbtn.swift in Sources */ = {isa = PBXBuildFile; fileRef = 5F1E25492741834C00EE80BE /* SignUpNavbtn.swift */; };
		5F1E254C2741884700EE80BE /* SignInViewController.swift in Sources */ = {isa = PBXBuildFile; fileRef = 5F1E254B2741884700EE80BE /* SignInViewController.swift */; };
		5F67D09D274A6BEC00DDA065 /* UserInfoViewController.swift in Sources */ = {isa = PBXBuildFile; fileRef = 5F67D09C274A6BEC00DDA065 /* UserInfoViewController.swift */; };
		5F67D0A0274A7C9200DDA065 /* Extension.swift in Sources */ = {isa = PBXBuildFile; fileRef = 5F67D09F274A7C9100DDA065 /* Extension.swift */; };
		5F798FE32737F8E3001CF1BC /* AppDelegate.swift in Sources */ = {isa = PBXBuildFile; fileRef = 5F798FE22737F8E3001CF1BC /* AppDelegate.swift */; };
		5F798FE52737F8E3001CF1BC /* SceneDelegate.swift in Sources */ = {isa = PBXBuildFile; fileRef = 5F798FE42737F8E3001CF1BC /* SceneDelegate.swift */; };
		5F798FEA2737F8E3001CF1BC /* Main.storyboard in Resources */ = {isa = PBXBuildFile; fileRef = 5F798FE82737F8E3001CF1BC /* Main.storyboard */; };
		5F798FEC2737F8E5001CF1BC /* Assets.xcassets in Resources */ = {isa = PBXBuildFile; fileRef = 5F798FEB2737F8E5001CF1BC /* Assets.xcassets */; };
		5F798FEF2737F8E5001CF1BC /* LaunchScreen.storyboard in Resources */ = {isa = PBXBuildFile; fileRef = 5F798FED2737F8E5001CF1BC /* LaunchScreen.storyboard */; };
		5FD71DBE2742E64D005185B7 /* TandAViewController.swift in Sources */ = {isa = PBXBuildFile; fileRef = 5FD71DBD2742E64D005185B7 /* TandAViewController.swift */; };
		5FD71DC02742E938005185B7 /* ProfileViewController.swift in Sources */ = {isa = PBXBuildFile; fileRef = 5FD71DBF2742E938005185B7 /* ProfileViewController.swift */; };
		5FD71DC22742EA80005185B7 /* ValidateProfileViewController.swift in Sources */ = {isa = PBXBuildFile; fileRef = 5FD71DC12742EA80005185B7 /* ValidateProfileViewController.swift */; };
		5FD71DC42742EE03005185B7 /* HomeViewController.swift in Sources */ = {isa = PBXBuildFile; fileRef = 5FD71DC32742EE03005185B7 /* HomeViewController.swift */; };
		5FF737C72746639900A2CA32 /* TrackPackageViewController.swift in Sources */ = {isa = PBXBuildFile; fileRef = 5FF737C62746639900A2CA32 /* TrackPackageViewController.swift */; };
		5FF737C92746640700A2CA32 /* HistoryViewController.swift in Sources */ = {isa = PBXBuildFile; fileRef = 5FF737C82746640600A2CA32 /* HistoryViewController.swift */; };
		5FF737CB2746644A00A2CA32 /* YourWalletViewController.swift in Sources */ = {isa = PBXBuildFile; fileRef = 5FF737CA2746644A00A2CA32 /* YourWalletViewController.swift */; };
/* End PBXBuildFile section */

/* Begin PBXFileReference section */
		5F005904273C4BE000D45DBE /* OnBoardingViewController.swift */ = {isa = PBXFileReference; lastKnownFileType = sourcecode.swift; path = OnBoardingViewController.swift; sourceTree = "<group>"; };
		5F00590C273C51AB00D45DBE /* OnBoardingCollectionViewCellTop.swift */ = {isa = PBXFileReference; lastKnownFileType = sourcecode.swift; path = OnBoardingCollectionViewCellTop.swift; sourceTree = "<group>"; };
		5F00590D273C51AB00D45DBE /* OnBoardingCollectionViewCellTop.xib */ = {isa = PBXFileReference; lastKnownFileType = file.xib; path = OnBoardingCollectionViewCellTop.xib; sourceTree = "<group>"; };
		5F005910273C51BD00D45DBE /* OnBoardingCollectionViewCellBottom.swift */ = {isa = PBXFileReference; lastKnownFileType = sourcecode.swift; path = OnBoardingCollectionViewCellBottom.swift; sourceTree = "<group>"; };
		5F005911273C51BD00D45DBE /* OnBoardingCollectionViewCellBottom.xib */ = {isa = PBXFileReference; lastKnownFileType = file.xib; path = OnBoardingCollectionViewCellBottom.xib; sourceTree = "<group>"; };
		5F005915273C529B00D45DBE /* OnBoardingCollectionViewCellData.swift */ = {isa = PBXFileReference; lastKnownFileType = sourcecode.swift; path = OnBoardingCollectionViewCellData.swift; sourceTree = "<group>"; };
		5F1E2541273FE85200EE80BE /* OnBoardingLogoCollectionViewCell.swift */ = {isa = PBXFileReference; lastKnownFileType = sourcecode.swift; path = OnBoardingLogoCollectionViewCell.swift; sourceTree = "<group>"; };
		5F1E2542273FE85200EE80BE /* OnBoardingLogoCollectionViewCell.xib */ = {isa = PBXFileReference; lastKnownFileType = file.xib; path = OnBoardingLogoCollectionViewCell.xib; sourceTree = "<group>"; };
		5F1E2545274017CA00EE80BE /* GetEstimateViewController.swift */ = {isa = PBXFileReference; lastKnownFileType = sourcecode.swift; path = GetEstimateViewController.swift; sourceTree = "<group>"; };
		5F1E254727415D8400EE80BE /* LoginPhoneViewController.swift */ = {isa = PBXFileReference; lastKnownFileType = sourcecode.swift; path = LoginPhoneViewController.swift; sourceTree = "<group>"; };
		5F1E25492741834C00EE80BE /* SignUpNavbtn.swift */ = {isa = PBXFileReference; lastKnownFileType = sourcecode.swift; path = SignUpNavbtn.swift; sourceTree = "<group>"; };
		5F1E254B2741884700EE80BE /* SignInViewController.swift */ = {isa = PBXFileReference; lastKnownFileType = sourcecode.swift; path = SignInViewController.swift; sourceTree = "<group>"; };
		5F67D09C274A6BEC00DDA065 /* UserInfoViewController.swift */ = {isa = PBXFileReference; lastKnownFileType = sourcecode.swift; path = UserInfoViewController.swift; sourceTree = "<group>"; };
		5F67D09F274A7C9100DDA065 /* Extension.swift */ = {isa = PBXFileReference; lastKnownFileType = sourcecode.swift; path = Extension.swift; sourceTree = "<group>"; };
		5F798FDF2737F8E3001CF1BC /* DistpatchBear.app */ = {isa = PBXFileReference; explicitFileType = wrapper.application; includeInIndex = 0; path = DistpatchBear.app; sourceTree = BUILT_PRODUCTS_DIR; };
		5F798FE22737F8E3001CF1BC /* AppDelegate.swift */ = {isa = PBXFileReference; lastKnownFileType = sourcecode.swift; path = AppDelegate.swift; sourceTree = "<group>"; };
		5F798FE42737F8E3001CF1BC /* SceneDelegate.swift */ = {isa = PBXFileReference; lastKnownFileType = sourcecode.swift; path = SceneDelegate.swift; sourceTree = "<group>"; };
		5F798FE92737F8E3001CF1BC /* Base */ = {isa = PBXFileReference; lastKnownFileType = file.storyboard; name = Base; path = Base.lproj/Main.storyboard; sourceTree = "<group>"; };
		5F798FEB2737F8E5001CF1BC /* Assets.xcassets */ = {isa = PBXFileReference; lastKnownFileType = folder.assetcatalog; path = Assets.xcassets; sourceTree = "<group>"; };
		5F798FEE2737F8E5001CF1BC /* Base */ = {isa = PBXFileReference; lastKnownFileType = file.storyboard; name = Base; path = Base.lproj/LaunchScreen.storyboard; sourceTree = "<group>"; };
		5F798FF02737F8E5001CF1BC /* Info.plist */ = {isa = PBXFileReference; lastKnownFileType = text.plist.xml; path = Info.plist; sourceTree = "<group>"; };
		5FD71DBD2742E64D005185B7 /* TandAViewController.swift */ = {isa = PBXFileReference; lastKnownFileType = sourcecode.swift; path = TandAViewController.swift; sourceTree = "<group>"; };
		5FD71DBF2742E938005185B7 /* ProfileViewController.swift */ = {isa = PBXFileReference; lastKnownFileType = sourcecode.swift; path = ProfileViewController.swift; sourceTree = "<group>"; };
		5FD71DC12742EA80005185B7 /* ValidateProfileViewController.swift */ = {isa = PBXFileReference; lastKnownFileType = sourcecode.swift; path = ValidateProfileViewController.swift; sourceTree = "<group>"; };
		5FD71DC32742EE03005185B7 /* HomeViewController.swift */ = {isa = PBXFileReference; lastKnownFileType = sourcecode.swift; path = HomeViewController.swift; sourceTree = "<group>"; };
		5FF737C62746639900A2CA32 /* TrackPackageViewController.swift */ = {isa = PBXFileReference; lastKnownFileType = sourcecode.swift; path = TrackPackageViewController.swift; sourceTree = "<group>"; };
		5FF737C82746640600A2CA32 /* HistoryViewController.swift */ = {isa = PBXFileReference; lastKnownFileType = sourcecode.swift; path = HistoryViewController.swift; sourceTree = "<group>"; };
		5FF737CA2746644A00A2CA32 /* YourWalletViewController.swift */ = {isa = PBXFileReference; lastKnownFileType = sourcecode.swift; path = YourWalletViewController.swift; sourceTree = "<group>"; };
/* End PBXFileReference section */

/* Begin PBXFrameworksBuildPhase section */
		5F798FDC2737F8E3001CF1BC /* Frameworks */ = {
			isa = PBXFrameworksBuildPhase;
			buildActionMask = 2147483647;
			files = (
			);
			runOnlyForDeploymentPostprocessing = 0;
		};
/* End PBXFrameworksBuildPhase section */

/* Begin PBXGroup section */
		5F005906273C4EAC00D45DBE /* Login */ = {
			isa = PBXGroup;
			children = (
				5F1E254727415D8400EE80BE /* LoginPhoneViewController.swift */,
				5F1E254B2741884700EE80BE /* SignInViewController.swift */,
				5F005904273C4BE000D45DBE /* OnBoardingViewController.swift */,
				5FD71DBD2742E64D005185B7 /* TandAViewController.swift */,
				5FD71DBF2742E938005185B7 /* ProfileViewController.swift */,
				5FD71DC12742EA80005185B7 /* ValidateProfileViewController.swift */,
			);
			path = Login;
			sourceTree = "<group>";
		};
		5F005907273C4EB800D45DBE /* Login */ = {
			isa = PBXGroup;
			children = (
				5F1E2541273FE85200EE80BE /* OnBoardingLogoCollectionViewCell.swift */,
				5F1E2542273FE85200EE80BE /* OnBoardingLogoCollectionViewCell.xib */,
				5F00590C273C51AB00D45DBE /* OnBoardingCollectionViewCellTop.swift */,
				5F00590D273C51AB00D45DBE /* OnBoardingCollectionViewCellTop.xib */,
				5F005910273C51BD00D45DBE /* OnBoardingCollectionViewCellBottom.swift */,
				5F005911273C51BD00D45DBE /* OnBoardingCollectionViewCellBottom.xib */,
			);
			path = Login;
			sourceTree = "<group>";
		};
		5F005914273C527F00D45DBE /* Data */ = {
			isa = PBXGroup;
			children = (
				5F005915273C529B00D45DBE /* OnBoardingCollectionViewCellData.swift */,
			);
			path = Data;
			sourceTree = "<group>";
		};
		5F67D09E274A7B2600DDA065 /* Extra+Extensions */ = {
			isa = PBXGroup;
			children = (
				5F67D09F274A7C9100DDA065 /* Extension.swift */,
			);
			path = "Extra+Extensions";
			sourceTree = "<group>";
		};
		5F798FD62737F8E3001CF1BC = {
			isa = PBXGroup;
			children = (
				5F798FE12737F8E3001CF1BC /* DistpatchBear */,
				5F798FE02737F8E3001CF1BC /* Products */,
			);
			sourceTree = "<group>";
		};
		5F798FE02737F8E3001CF1BC /* Products */ = {
			isa = PBXGroup;
			children = (
				5F798FDF2737F8E3001CF1BC /* DistpatchBear.app */,
			);
			name = Products;
			sourceTree = "<group>";
		};
		5F798FE12737F8E3001CF1BC /* DistpatchBear */ = {
			isa = PBXGroup;
			children = (
				5F67D09E274A7B2600DDA065 /* Extra+Extensions */,
				5F798FFA2739A252001CF1BC /* Assets */,
				5F798FF62739A1FA001CF1BC /* Model */,
				5F798FF72739A205001CF1BC /* View */,
				5F798FF82739A20F001CF1BC /* Controller */,
				5F798FF92739A226001CF1BC /* Storyboards */,
				5F798FE42737F8E3001CF1BC /* SceneDelegate.swift */,
				5F798FE22737F8E3001CF1BC /* AppDelegate.swift */,
				5F798FF02737F8E5001CF1BC /* Info.plist */,
			);
			path = DistpatchBear;
			sourceTree = "<group>";
		};
		5F798FF62739A1FA001CF1BC /* Model */ = {
			isa = PBXGroup;
			children = (
				5F005914273C527F00D45DBE /* Data */,
			);
			path = Model;
			sourceTree = "<group>";
		};
		5F798FF72739A205001CF1BC /* View */ = {
			isa = PBXGroup;
			children = (
				5F005907273C4EB800D45DBE /* Login */,
				5F1E25492741834C00EE80BE /* SignUpNavbtn.swift */,
			);
			path = View;
			sourceTree = "<group>";
		};
		5F798FF82739A20F001CF1BC /* Controller */ = {
			isa = PBXGroup;
			children = (
				5F005906273C4EAC00D45DBE /* Login */,
				5F1E2545274017CA00EE80BE /* GetEstimateViewController.swift */,
				5FD71DC32742EE03005185B7 /* HomeViewController.swift */,
				5FF737C62746639900A2CA32 /* TrackPackageViewController.swift */,
				5F67D09C274A6BEC00DDA065 /* UserInfoViewController.swift */,
				5FF737C82746640600A2CA32 /* HistoryViewController.swift */,
				5FF737CA2746644A00A2CA32 /* YourWalletViewController.swift */,
			);
			path = Controller;
			sourceTree = "<group>";
		};
		5F798FF92739A226001CF1BC /* Storyboards */ = {
			isa = PBXGroup;
			children = (
				5F798FE82737F8E3001CF1BC /* Main.storyboard */,
				5F798FED2737F8E5001CF1BC /* LaunchScreen.storyboard */,
			);
			path = Storyboards;
			sourceTree = "<group>";
		};
		5F798FFA2739A252001CF1BC /* Assets */ = {
			isa = PBXGroup;
			children = (
				5F798FEB2737F8E5001CF1BC /* Assets.xcassets */,
			);
			path = Assets;
			sourceTree = "<group>";
		};
/* End PBXGroup section */

/* Begin PBXNativeTarget section */
		5F798FDE2737F8E3001CF1BC /* DistpatchBear */ = {
			isa = PBXNativeTarget;
			buildConfigurationList = 5F798FF32737F8E5001CF1BC /* Build configuration list for PBXNativeTarget "DistpatchBear" */;
			buildPhases = (
				5F798FDB2737F8E3001CF1BC /* Sources */,
				5F798FDC2737F8E3001CF1BC /* Frameworks */,
				5F798FDD2737F8E3001CF1BC /* Resources */,
			);
			buildRules = (
			);
			dependencies = (
			);
			name = DistpatchBear;
			productName = DistpatchBear;
			productReference = 5F798FDF2737F8E3001CF1BC /* DistpatchBear.app */;
			productType = "com.apple.product-type.application";
		};
/* End PBXNativeTarget section */

/* Begin PBXProject section */
		5F798FD72737F8E3001CF1BC /* Project object */ = {
			isa = PBXProject;
			attributes = {
				BuildIndependentTargetsInParallel = 1;
				LastSwiftUpdateCheck = 1300;
				LastUpgradeCheck = 1300;
				TargetAttributes = {
					5F798FDE2737F8E3001CF1BC = {
						CreatedOnToolsVersion = 13.0;
					};
				};
			};
			buildConfigurationList = 5F798FDA2737F8E3001CF1BC /* Build configuration list for PBXProject "DistpatchBear" */;
			compatibilityVersion = "Xcode 13.0";
			developmentRegion = en;
			hasScannedForEncodings = 0;
			knownRegions = (
				en,
				Base,
			);
			mainGroup = 5F798FD62737F8E3001CF1BC;
			productRefGroup = 5F798FE02737F8E3001CF1BC /* Products */;
			projectDirPath = "";
			projectRoot = "";
			targets = (
				5F798FDE2737F8E3001CF1BC /* DistpatchBear */,
			);
		};
/* End PBXProject section */

/* Begin PBXResourcesBuildPhase section */
		5F798FDD2737F8E3001CF1BC /* Resources */ = {
			isa = PBXResourcesBuildPhase;
			buildActionMask = 2147483647;
			files = (
				5F798FEF2737F8E5001CF1BC /* LaunchScreen.storyboard in Resources */,
				5F00590F273C51AB00D45DBE /* OnBoardingCollectionViewCellTop.xib in Resources */,
				5F1E2544273FE85200EE80BE /* OnBoardingLogoCollectionViewCell.xib in Resources */,
				5F005913273C51BD00D45DBE /* OnBoardingCollectionViewCellBottom.xib in Resources */,
				5F798FEC2737F8E5001CF1BC /* Assets.xcassets in Resources */,
				5F798FEA2737F8E3001CF1BC /* Main.storyboard in Resources */,
			);
			runOnlyForDeploymentPostprocessing = 0;
		};
/* End PBXResourcesBuildPhase section */

/* Begin PBXSourcesBuildPhase section */
		5F798FDB2737F8E3001CF1BC /* Sources */ = {
			isa = PBXSourcesBuildPhase;
			buildActionMask = 2147483647;
			files = (
				5F1E254C2741884700EE80BE /* SignInViewController.swift in Sources */,
				5F1E254A2741834C00EE80BE /* SignUpNavbtn.swift in Sources */,
				5F005912273C51BD00D45DBE /* OnBoardingCollectionViewCellBottom.swift in Sources */,
				5F1E2543273FE85200EE80BE /* OnBoardingLogoCollectionViewCell.swift in Sources */,
				5F005905273C4BE000D45DBE /* OnBoardingViewController.swift in Sources */,
				5FD71DC42742EE03005185B7 /* HomeViewController.swift in Sources */,
				5FF737C72746639900A2CA32 /* TrackPackageViewController.swift in Sources */,
				5F00590E273C51AB00D45DBE /* OnBoardingCollectionViewCellTop.swift in Sources */,
				5FD71DC22742EA80005185B7 /* ValidateProfileViewController.swift in Sources */,
				5F005916273C529B00D45DBE /* OnBoardingCollectionViewCellData.swift in Sources */,
				5F1E2546274017CA00EE80BE /* GetEstimateViewController.swift in Sources */,
				5F798FE32737F8E3001CF1BC /* AppDelegate.swift in Sources */,
				5FF737CB2746644A00A2CA32 /* YourWalletViewController.swift in Sources */,
				5F798FE52737F8E3001CF1BC /* SceneDelegate.swift in Sources */,
				5FD71DC02742E938005185B7 /* ProfileViewController.swift in Sources */,
				5F67D0A0274A7C9200DDA065 /* Extension.swift in Sources */,
				5F1E254827415D8400EE80BE /* LoginPhoneViewController.swift in Sources */,
				5FF737C92746640700A2CA32 /* HistoryViewController.swift in Sources */,
				5FD71DBE2742E64D005185B7 /* TandAViewController.swift in Sources */,
				5F67D09D274A6BEC00DDA065 /* UserInfoViewController.swift in Sources */,
			);
			runOnlyForDeploymentPostprocessing = 0;
		};
/* End PBXSourcesBuildPhase section */

/* Begin PBXVariantGroup section */
		5F798FE82737F8E3001CF1BC /* Main.storyboard */ = {
			isa = PBXVariantGroup;
			children = (
				5F798FE92737F8E3001CF1BC /* Base */,
			);
			name = Main.storyboard;
			sourceTree = "<group>";
		};
		5F798FED2737F8E5001CF1BC /* LaunchScreen.storyboard */ = {
			isa = PBXVariantGroup;
			children = (
				5F798FEE2737F8E5001CF1BC /* Base */,
			);
			name = LaunchScreen.storyboard;
			sourceTree = "<group>";
		};
/* End PBXVariantGroup section */

/* Begin XCBuildConfiguration section */
		5F798FF12737F8E5001CF1BC /* Debug */ = {
			isa = XCBuildConfiguration;
			buildSettings = {
				ALWAYS_SEARCH_USER_PATHS = NO;
				CLANG_ANALYZER_NONNULL = YES;
				CLANG_ANALYZER_NUMBER_OBJECT_CONVERSION = YES_AGGRESSIVE;
				CLANG_CXX_LANGUAGE_STANDARD = "gnu++17";
				CLANG_CXX_LIBRARY = "libc++";
				CLANG_ENABLE_MODULES = YES;
				CLANG_ENABLE_OBJC_ARC = YES;
				CLANG_ENABLE_OBJC_WEAK = YES;
				CLANG_WARN_BLOCK_CAPTURE_AUTORELEASING = YES;
				CLANG_WARN_BOOL_CONVERSION = YES;
				CLANG_WARN_COMMA = YES;
				CLANG_WARN_CONSTANT_CONVERSION = YES;
				CLANG_WARN_DEPRECATED_OBJC_IMPLEMENTATIONS = YES;
				CLANG_WARN_DIRECT_OBJC_ISA_USAGE = YES_ERROR;
				CLANG_WARN_DOCUMENTATION_COMMENTS = YES;
				CLANG_WARN_EMPTY_BODY = YES;
				CLANG_WARN_ENUM_CONVERSION = YES;
				CLANG_WARN_INFINITE_RECURSION = YES;
				CLANG_WARN_INT_CONVERSION = YES;
				CLANG_WARN_NON_LITERAL_NULL_CONVERSION = YES;
				CLANG_WARN_OBJC_IMPLICIT_RETAIN_SELF = YES;
				CLANG_WARN_OBJC_LITERAL_CONVERSION = YES;
				CLANG_WARN_OBJC_ROOT_CLASS = YES_ERROR;
				CLANG_WARN_QUOTED_INCLUDE_IN_FRAMEWORK_HEADER = YES;
				CLANG_WARN_RANGE_LOOP_ANALYSIS = YES;
				CLANG_WARN_STRICT_PROTOTYPES = YES;
				CLANG_WARN_SUSPICIOUS_MOVE = YES;
				CLANG_WARN_UNGUARDED_AVAILABILITY = YES_AGGRESSIVE;
				CLANG_WARN_UNREACHABLE_CODE = YES;
				CLANG_WARN__DUPLICATE_METHOD_MATCH = YES;
				COPY_PHASE_STRIP = NO;
				DEBUG_INFORMATION_FORMAT = dwarf;
				ENABLE_STRICT_OBJC_MSGSEND = YES;
				ENABLE_TESTABILITY = YES;
				GCC_C_LANGUAGE_STANDARD = gnu11;
				GCC_DYNAMIC_NO_PIC = NO;
				GCC_NO_COMMON_BLOCKS = YES;
				GCC_OPTIMIZATION_LEVEL = 0;
				GCC_PREPROCESSOR_DEFINITIONS = (
					"DEBUG=1",
					"$(inherited)",
				);
				GCC_WARN_64_TO_32_BIT_CONVERSION = YES;
				GCC_WARN_ABOUT_RETURN_TYPE = YES_ERROR;
				GCC_WARN_UNDECLARED_SELECTOR = YES;
				GCC_WARN_UNINITIALIZED_AUTOS = YES_AGGRESSIVE;
				GCC_WARN_UNUSED_FUNCTION = YES;
				GCC_WARN_UNUSED_VARIABLE = YES;
				IPHONEOS_DEPLOYMENT_TARGET = 15.0;
				MTL_ENABLE_DEBUG_INFO = INCLUDE_SOURCE;
				MTL_FAST_MATH = YES;
				ONLY_ACTIVE_ARCH = YES;
				SDKROOT = iphoneos;
				SWIFT_ACTIVE_COMPILATION_CONDITIONS = DEBUG;
				SWIFT_OPTIMIZATION_LEVEL = "-Onone";
			};
			name = Debug;
		};
		5F798FF22737F8E5001CF1BC /* Release */ = {
			isa = XCBuildConfiguration;
			buildSettings = {
				ALWAYS_SEARCH_USER_PATHS = NO;
				CLANG_ANALYZER_NONNULL = YES;
				CLANG_ANALYZER_NUMBER_OBJECT_CONVERSION = YES_AGGRESSIVE;
				CLANG_CXX_LANGUAGE_STANDARD = "gnu++17";
				CLANG_CXX_LIBRARY = "libc++";
				CLANG_ENABLE_MODULES = YES;
				CLANG_ENABLE_OBJC_ARC = YES;
				CLANG_ENABLE_OBJC_WEAK = YES;
				CLANG_WARN_BLOCK_CAPTURE_AUTORELEASING = YES;
				CLANG_WARN_BOOL_CONVERSION = YES;
				CLANG_WARN_COMMA = YES;
				CLANG_WARN_CONSTANT_CONVERSION = YES;
				CLANG_WARN_DEPRECATED_OBJC_IMPLEMENTATIONS = YES;
				CLANG_WARN_DIRECT_OBJC_ISA_USAGE = YES_ERROR;
				CLANG_WARN_DOCUMENTATION_COMMENTS = YES;
				CLANG_WARN_EMPTY_BODY = YES;
				CLANG_WARN_ENUM_CONVERSION = YES;
				CLANG_WARN_INFINITE_RECURSION = YES;
				CLANG_WARN_INT_CONVERSION = YES;
				CLANG_WARN_NON_LITERAL_NULL_CONVERSION = YES;
				CLANG_WARN_OBJC_IMPLICIT_RETAIN_SELF = YES;
				CLANG_WARN_OBJC_LITERAL_CONVERSION = YES;
				CLANG_WARN_OBJC_ROOT_CLASS = YES_ERROR;
				CLANG_WARN_QUOTED_INCLUDE_IN_FRAMEWORK_HEADER = YES;
				CLANG_WARN_RANGE_LOOP_ANALYSIS = YES;
				CLANG_WARN_STRICT_PROTOTYPES = YES;
				CLANG_WARN_SUSPICIOUS_MOVE = YES;
				CLANG_WARN_UNGUARDED_AVAILABILITY = YES_AGGRESSIVE;
				CLANG_WARN_UNREACHABLE_CODE = YES;
				CLANG_WARN__DUPLICATE_METHOD_MATCH = YES;
				COPY_PHASE_STRIP = NO;
				DEBUG_INFORMATION_FORMAT = "dwarf-with-dsym";
				ENABLE_NS_ASSERTIONS = NO;
				ENABLE_STRICT_OBJC_MSGSEND = YES;
				GCC_C_LANGUAGE_STANDARD = gnu11;
				GCC_NO_COMMON_BLOCKS = YES;
				GCC_WARN_64_TO_32_BIT_CONVERSION = YES;
				GCC_WARN_ABOUT_RETURN_TYPE = YES_ERROR;
				GCC_WARN_UNDECLARED_SELECTOR = YES;
				GCC_WARN_UNINITIALIZED_AUTOS = YES_AGGRESSIVE;
				GCC_WARN_UNUSED_FUNCTION = YES;
				GCC_WARN_UNUSED_VARIABLE = YES;
				IPHONEOS_DEPLOYMENT_TARGET = 15.0;
				MTL_ENABLE_DEBUG_INFO = NO;
				MTL_FAST_MATH = YES;
				SDKROOT = iphoneos;
				SWIFT_COMPILATION_MODE = wholemodule;
				SWIFT_OPTIMIZATION_LEVEL = "-O";
				VALIDATE_PRODUCT = YES;
			};
			name = Release;
		};
		5F798FF42737F8E5001CF1BC /* Debug */ = {
			isa = XCBuildConfiguration;
			buildSettings = {
				ASSETCATALOG_COMPILER_APPICON_NAME = AppIcon;
				ASSETCATALOG_COMPILER_GLOBAL_ACCENT_COLOR_NAME = AccentColor;
				CODE_SIGN_STYLE = Automatic;
				CURRENT_PROJECT_VERSION = 1;
				DEVELOPMENT_TEAM = CSAFN422HP;
				GENERATE_INFOPLIST_FILE = YES;
				INFOPLIST_FILE = DistpatchBear/Info.plist;
				INFOPLIST_KEY_UIApplicationSupportsIndirectInputEvents = YES;
				INFOPLIST_KEY_UILaunchStoryboardName = LaunchScreen;
				INFOPLIST_KEY_UIMainStoryboardFile = Main;
				INFOPLIST_KEY_UISupportedInterfaceOrientations_iPad = "UIInterfaceOrientationPortrait UIInterfaceOrientationPortraitUpsideDown UIInterfaceOrientationLandscapeLeft UIInterfaceOrientationLandscapeRight";
				INFOPLIST_KEY_UISupportedInterfaceOrientations_iPhone = "UIInterfaceOrientationPortrait UIInterfaceOrientationLandscapeLeft UIInterfaceOrientationLandscapeRight";
				LD_RUNPATH_SEARCH_PATHS = (
					"$(inherited)",
					"@executable_path/Frameworks",
				);
				MARKETING_VERSION = 1.0;
				PRODUCT_BUNDLE_IDENTIFIER = com.whyte.DistpatchBear;
				PRODUCT_NAME = "$(TARGET_NAME)";
				SWIFT_EMIT_LOC_STRINGS = YES;
				SWIFT_VERSION = 5.0;
				TARGETED_DEVICE_FAMILY = "1,2";
			};
			name = Debug;
		};
		5F798FF52737F8E5001CF1BC /* Release */ = {
			isa = XCBuildConfiguration;
			buildSettings = {
				ASSETCATALOG_COMPILER_APPICON_NAME = AppIcon;
				ASSETCATALOG_COMPILER_GLOBAL_ACCENT_COLOR_NAME = AccentColor;
				CODE_SIGN_STYLE = Automatic;
				CURRENT_PROJECT_VERSION = 1;
				DEVELOPMENT_TEAM = CSAFN422HP;
				GENERATE_INFOPLIST_FILE = YES;
				INFOPLIST_FILE = DistpatchBear/Info.plist;
				INFOPLIST_KEY_UIApplicationSupportsIndirectInputEvents = YES;
				INFOPLIST_KEY_UILaunchStoryboardName = LaunchScreen;
				INFOPLIST_KEY_UIMainStoryboardFile = Main;
				INFOPLIST_KEY_UISupportedInterfaceOrientations_iPad = "UIInterfaceOrientationPortrait UIInterfaceOrientationPortraitUpsideDown UIInterfaceOrientationLandscapeLeft UIInterfaceOrientationLandscapeRight";
				INFOPLIST_KEY_UISupportedInterfaceOrientations_iPhone = "UIInterfaceOrientationPortrait UIInterfaceOrientationLandscapeLeft UIInterfaceOrientationLandscapeRight";
				LD_RUNPATH_SEARCH_PATHS = (
					"$(inherited)",
					"@executable_path/Frameworks",
				);
				MARKETING_VERSION = 1.0;
				PRODUCT_BUNDLE_IDENTIFIER = com.whyte.DistpatchBear;
				PRODUCT_NAME = "$(TARGET_NAME)";
				SWIFT_EMIT_LOC_STRINGS = YES;
				SWIFT_VERSION = 5.0;
				TARGETED_DEVICE_FAMILY = "1,2";
			};
			name = Release;
		};
/* End XCBuildConfiguration section */

/* Begin XCConfigurationList section */
		5F798FDA2737F8E3001CF1BC /* Build configuration list for PBXProject "DistpatchBear" */ = {
			isa = XCConfigurationList;
			buildConfigurations = (
				5F798FF12737F8E5001CF1BC /* Debug */,
				5F798FF22737F8E5001CF1BC /* Release */,
			);
			defaultConfigurationIsVisible = 0;
			defaultConfigurationName = Release;
		};
		5F798FF32737F8E5001CF1BC /* Build configuration list for PBXNativeTarget "DistpatchBear" */ = {
			isa = XCConfigurationList;
			buildConfigurations = (
				5F798FF42737F8E5001CF1BC /* Debug */,
				5F798FF52737F8E5001CF1BC /* Release */,
			);
			defaultConfigurationIsVisible = 0;
			defaultConfigurationName = Release;
		};
/* End XCConfigurationList section */
	};
	rootObject = 5F798FD72737F8E3001CF1BC /* Project object */;
}
